# THIS IS AN AUTOGENERATED FILE. DO NOT EDIT THIS FILE DIRECTLY.
# yarn lockfile v1


create-expo-app@^2.3.5:
  version "2.3.5"
  resolved "https://registry.yarnpkg.com/create-expo-app/-/create-expo-app-2.3.5.tgz#0ba461307d0209d282ef5722fdd3af966fc5d396"
  integrity sha512-fNYsqFX4WyMZXrVjO3wypDZ7dlaHRrTFlIO0Uo2g6FJjm/UQOMCpcw5HzouCv+sUCG1X6+nZmWDC+C+JmheGkg==
